{
  "version": 4,
  "terraform_version": "0.12.24",
  "serial": 5,
  "lineage": "8d19d75e-6ed3-a6e0-b3ac-17b4516c2f7c",
  "outputs": {},
  "resources": [
    {
      "mode": "managed",
      "type": "aws_route53_record",
      "name": "email-forwarder-app",
      "provider": "provider.aws",
      "instances": []
    },
    {
      "mode": "managed",
      "type": "aws_route53_record",
      "name": "email-forwarder-www",
      "provider": "provider.aws",
      "instances": []
    },
    {
      "mode": "managed",
      "type": "aws_route53_zone",
      "name": "app-zone",
      "provider": "provider.aws",
      "instances": [
        {
          "schema_version": 0,
          "attributes": {
            "comment": "Managed by Terraform",
            "delegation_set_id": "",
            "force_destroy": false,
            "id": "Z00187172I44MSKF1TOVA",
            "name": "app.mailmasker-dev.com.",
            "name_servers": [
              "ns-1372.awsdns-43.org",
              "ns-1860.awsdns-40.co.uk",
              "ns-200.awsdns-25.com",
              "ns-841.awsdns-41.net"
            ],
            "tags": null,
            "vpc": [],
            "vpc_id": null,
            "vpc_region": null,
            "zone_id": "Z00187172I44MSKF1TOVA"
          },
          "private": "bnVsbA=="
        }
      ]
    },
    {
      "mode": "managed",
      "type": "aws_route53_zone",
      "name": "www-zone",
      "provider": "provider.aws",
      "instances": [
        {
          "schema_version": 0,
          "attributes": {
            "comment": "Managed by Terraform",
            "delegation_set_id": "",
            "force_destroy": false,
            "id": "Z00045281ZXI4G53TT9EP",
            "name": "www.mailmasker-dev.com.",
            "name_servers": [
              "ns-1339.awsdns-39.org",
              "ns-1668.awsdns-16.co.uk",
              "ns-420.awsdns-52.com",
              "ns-972.awsdns-57.net"
            ],
            "tags": null,
            "vpc": [],
            "vpc_id": null,
            "vpc_region": null,
            "zone_id": "Z00045281ZXI4G53TT9EP"
          },
          "private": "bnVsbA=="
        }
      ]
    },
    {
      "mode": "managed",
      "type": "aws_s3_bucket",
      "name": "email-forwarder-app",
      "provider": "provider.aws",
      "instances": [
        {
          "schema_version": 0,
          "attributes": {
            "acceleration_status": "",
            "acl": "public-read",
            "arn": "arn:aws:s3:::email-forwarder-app-dev",
            "bucket": "email-forwarder-app-dev",
            "bucket_domain_name": "email-forwarder-app-dev.s3.amazonaws.com",
            "bucket_prefix": null,
            "bucket_regional_domain_name": "email-forwarder-app-dev.s3.amazonaws.com",
            "cors_rule": [],
            "force_destroy": false,
            "grant": [],
            "hosted_zone_id": "Z3AQBSTGFYJSTF",
            "id": "email-forwarder-app-dev",
            "lifecycle_rule": [],
            "logging": [],
            "object_lock_configuration": [],
            "policy": "{\"Statement\":[{\"Action\":\"s3:GetObject\",\"Effect\":\"Allow\",\"Principal\":\"*\",\"Resource\":\"arn:aws:s3:::email-forwarder-app-dev/*\",\"Sid\":\"AddPerm\"}],\"Version\":\"2012-10-17\"}",
            "region": "us-east-1",
            "replication_configuration": [],
            "request_payer": "BucketOwner",
            "server_side_encryption_configuration": [],
            "tags": null,
            "versioning": [
              {
                "enabled": false,
                "mfa_delete": false
              }
            ],
            "website": [
              {
                "error_document": "/404/",
                "index_document": "index.html",
                "redirect_all_requests_to": "",
                "routing_rules": ""
              }
            ],
            "website_domain": "s3-website-us-east-1.amazonaws.com",
            "website_endpoint": "email-forwarder-app-dev.s3-website-us-east-1.amazonaws.com"
          },
          "private": "bnVsbA=="
        }
      ]
    },
    {
      "mode": "managed",
      "type": "aws_s3_bucket",
      "name": "email-forwarder-www",
      "provider": "provider.aws",
      "instances": [
        {
          "schema_version": 0,
          "attributes": {
            "acceleration_status": "",
            "acl": "public-read",
            "arn": "arn:aws:s3:::email-forwarder-www-dev",
            "bucket": "email-forwarder-www-dev",
            "bucket_domain_name": "email-forwarder-www-dev.s3.amazonaws.com",
            "bucket_prefix": null,
            "bucket_regional_domain_name": "email-forwarder-www-dev.s3.amazonaws.com",
            "cors_rule": [],
            "force_destroy": false,
            "grant": [],
            "hosted_zone_id": "Z3AQBSTGFYJSTF",
            "id": "email-forwarder-www-dev",
            "lifecycle_rule": [],
            "logging": [],
            "object_lock_configuration": [],
            "policy": "{\"Statement\":[{\"Action\":\"s3:GetObject\",\"Effect\":\"Allow\",\"Principal\":\"*\",\"Resource\":\"arn:aws:s3:::email-forwarder-www-dev/*\",\"Sid\":\"AddPerm\"}],\"Version\":\"2012-10-17\"}",
            "region": "us-east-1",
            "replication_configuration": [],
            "request_payer": "BucketOwner",
            "server_side_encryption_configuration": [],
            "tags": null,
            "versioning": [
              {
                "enabled": false,
                "mfa_delete": false
              }
            ],
            "website": [
              {
                "error_document": "/404/",
                "index_document": "index.html",
                "redirect_all_requests_to": "",
                "routing_rules": ""
              }
            ],
            "website_domain": "s3-website-us-east-1.amazonaws.com",
            "website_endpoint": "email-forwarder-www-dev.s3-website-us-east-1.amazonaws.com"
          },
          "private": "bnVsbA=="
        }
      ]
    }
  ]
}
